// !$*UTF8*$!
{
	archiveVersion = 1;
	classes = {
	};
	objectVersion = 46;
	objects = {

/* Begin PBXBuildFile section */
		8478BD2AAC09725A494DF853 /* Pods_Sonar.framework in Frameworks */ = {isa = PBXBuildFile; fileRef = 9BE26174C57C8B782218DEEF /* Pods_Sonar.framework */; settings = {ATTRIBUTES = (Weak, ); }; };
		8E06720C1BBC9ADB00DD872F /* UsernameViewController.swift in Sources */ = {isa = PBXBuildFile; fileRef = 8E06720B1BBC9ADB00DD872F /* UsernameViewController.swift */; };
		8E31DEBD1BC5B33B00632FE5 /* FriendScoreTableViewCell.swift in Sources */ = {isa = PBXBuildFile; fileRef = 8E31DEBC1BC5B33B00632FE5 /* FriendScoreTableViewCell.swift */; };
		8E31DEC11BC5E5C500632FE5 /* UpdateInfoTableViewController.swift in Sources */ = {isa = PBXBuildFile; fileRef = 8E31DEC01BC5E5C500632FE5 /* UpdateInfoTableViewController.swift */; };
		8E31DEC61BC5EAE000632FE5 /* UpdateNameViewController.swift in Sources */ = {isa = PBXBuildFile; fileRef = 8E31DEC51BC5EAE000632FE5 /* UpdateNameViewController.swift */; };
		8E31DECA1BC5FDD300632FE5 /* UpdateUsernameViewController.swift in Sources */ = {isa = PBXBuildFile; fileRef = 8E31DEC91BC5FDD300632FE5 /* UpdateUsernameViewController.swift */; };
		8E31DECE1BC60A0F00632FE5 /* EmailViewController.swift in Sources */ = {isa = PBXBuildFile; fileRef = 8E31DECD1BC60A0F00632FE5 /* EmailViewController.swift */; };
		8E31DED21BC61B8C00632FE5 /* UpdatePhoneViewController.swift in Sources */ = {isa = PBXBuildFile; fileRef = 8E31DED11BC61B8C00632FE5 /* UpdatePhoneViewController.swift */; };
		8E31DED61BC6248600632FE5 /* ChangePasswordViewController.swift in Sources */ = {isa = PBXBuildFile; fileRef = 8E31DED51BC6248600632FE5 /* ChangePasswordViewController.swift */; };
		8E31DEDA1BC70F9000632FE5 /* ChatInfoViewController.swift in Sources */ = {isa = PBXBuildFile; fileRef = 8E31DED91BC70F9000632FE5 /* ChatInfoViewController.swift */; };
		8E31DEDE1BC710F300632FE5 /* ChatInfoTableViewCell.swift in Sources */ = {isa = PBXBuildFile; fileRef = 8E31DEDD1BC710F300632FE5 /* ChatInfoTableViewCell.swift */; };
		8E3927BE1BBC5636004E1674 /* AddedMeViewController.swift in Sources */ = {isa = PBXBuildFile; fileRef = 8E3927BD1BBC5636004E1674 /* AddedMeViewController.swift */; };
		8E3927C01BBC5793004E1674 /* AddedMeTableViewCell.swift in Sources */ = {isa = PBXBuildFile; fileRef = 8E3927BF1BBC5793004E1674 /* AddedMeTableViewCell.swift */; };
		8E483BC41BBCC1C300FAE0B6 /* PhoneNumberViewController.swift in Sources */ = {isa = PBXBuildFile; fileRef = 8E483BC31BBCC1C300FAE0B6 /* PhoneNumberViewController.swift */; };
		8E5226C11B965B1E002BD8FA /* Message.swift in Sources */ = {isa = PBXBuildFile; fileRef = 8E5226C01B965B1E002BD8FA /* Message.swift */; };
		8E5226C31B976DC1002BD8FA /* ChatTableViewController.swift in Sources */ = {isa = PBXBuildFile; fileRef = 8E5226C21B976DC1002BD8FA /* ChatTableViewController.swift */; };
		8E5226C51B976EDD002BD8FA /* ChatTableViewCell.swift in Sources */ = {isa = PBXBuildFile; fileRef = 8E5226C41B976EDD002BD8FA /* ChatTableViewCell.swift */; };
		8E5226C91B9A3194002BD8FA /* ProfileViewController.swift in Sources */ = {isa = PBXBuildFile; fileRef = 8E5226C81B9A3194002BD8FA /* ProfileViewController.swift */; };
		8E5226CB1B9A32EB002BD8FA /* MapKit.framework in Frameworks */ = {isa = PBXBuildFile; fileRef = 8E5226CA1B9A32EB002BD8FA /* MapKit.framework */; };
		8E5226CD1B9A32F2002BD8FA /* MobileCoreServices.framework in Frameworks */ = {isa = PBXBuildFile; fileRef = 8E5226CC1B9A32F2002BD8FA /* MobileCoreServices.framework */; };
		8E5227341B9F972F002BD8FA /* PicturesViewController.swift in Sources */ = {isa = PBXBuildFile; fileRef = 8E5227331B9F972F002BD8FA /* PicturesViewController.swift */; };
		8E5227361BA0E3D0002BD8FA /* WebViewController.swift in Sources */ = {isa = PBXBuildFile; fileRef = 8E5227351BA0E3D0002BD8FA /* WebViewController.swift */; };
		8E9F733B1BBF07BD00D0850E /* AddUsernameTableViewCell.swift in Sources */ = {isa = PBXBuildFile; fileRef = 8E9F733A1BBF07BD00D0850E /* AddUsernameTableViewCell.swift */; };
		8E9F733E1BBF109B00D0850E /* Username.swift in Sources */ = {isa = PBXBuildFile; fileRef = 8E9F733D1BBF109B00D0850E /* Username.swift */; };
		8E9F73401BBF2B1B00D0850E /* SelfieViewController.swift in Sources */ = {isa = PBXBuildFile; fileRef = 8E9F733F1BBF2B1B00D0850E /* SelfieViewController.swift */; };
		8E9F73421BBF3D0E00D0850E /* AVFoundation.framework in Frameworks */ = {isa = PBXBuildFile; fileRef = 8E9F73411BBF3D0E00D0850E /* AVFoundation.framework */; };
		8EAC77601B8FA07A002D2890 /* RadarViewController.swift in Sources */ = {isa = PBXBuildFile; fileRef = 8EAC775F1B8FA07A002D2890 /* RadarViewController.swift */; };
		8EAC77621B8FA0A3002D2890 /* RadarTableViewCell.swift in Sources */ = {isa = PBXBuildFile; fileRef = 8EAC77611B8FA0A3002D2890 /* RadarTableViewCell.swift */; };
		8EAC77641B963B23002D2890 /* Post.swift in Sources */ = {isa = PBXBuildFile; fileRef = 8EAC77631B963B23002D2890 /* Post.swift */; };
		8EB2170C1BACB76F005DA377 /* MyTextView.swift in Sources */ = {isa = PBXBuildFile; fileRef = 8EB2170B1BACB76F005DA377 /* MyTextView.swift */; };
		8ED286461BB52E1B006FB6C3 /* AWSS3.framework in Frameworks */ = {isa = PBXBuildFile; fileRef = 8ED286451BB52E1B006FB6C3 /* AWSS3.framework */; };
		8ED286481BB52E2E006FB6C3 /* AWSCore.framework in Frameworks */ = {isa = PBXBuildFile; fileRef = 8ED286471BB52E2E006FB6C3 /* AWSCore.framework */; };
		8ED2864A1BB53140006FB6C3 /* FirebaseUI.framework in Frameworks */ = {isa = PBXBuildFile; fileRef = 8ED286491BB53140006FB6C3 /* FirebaseUI.framework */; };
		8EE225191BB0D13A0079F887 /* Bolts.framework in Frameworks */ = {isa = PBXBuildFile; fileRef = 8EE225171BB0D13A0079F887 /* Bolts.framework */; };
		8EE2251A1BB0D13A0079F887 /* Parse.framework in Frameworks */ = {isa = PBXBuildFile; fileRef = 8EE225181BB0D13A0079F887 /* Parse.framework */; };
		8EE2251C1BB0D1610079F887 /* AudioToolbox.framework in Frameworks */ = {isa = PBXBuildFile; fileRef = 8EE2251B1BB0D1610079F887 /* AudioToolbox.framework */; };
		8EE2251E1BB0D1660079F887 /* CFNetwork.framework in Frameworks */ = {isa = PBXBuildFile; fileRef = 8EE2251D1BB0D1660079F887 /* CFNetwork.framework */; };
		8EE225201BB0D16D0079F887 /* CoreGraphics.framework in Frameworks */ = {isa = PBXBuildFile; fileRef = 8EE2251F1BB0D16D0079F887 /* CoreGraphics.framework */; };
		8EE225221BB0D1740079F887 /* CoreLocation.framework in Frameworks */ = {isa = PBXBuildFile; fileRef = 8EE225211BB0D1740079F887 /* CoreLocation.framework */; };
		8EE225241BB0D17A0079F887 /* QuartzCore.framework in Frameworks */ = {isa = PBXBuildFile; fileRef = 8EE225231BB0D17A0079F887 /* QuartzCore.framework */; };
		8EE225261BB0D1800079F887 /* Security.framework in Frameworks */ = {isa = PBXBuildFile; fileRef = 8EE225251BB0D1800079F887 /* Security.framework */; };
		8EE225281BB0D1880079F887 /* StoreKit.framework in Frameworks */ = {isa = PBXBuildFile; fileRef = 8EE225271BB0D1880079F887 /* StoreKit.framework */; };
		8EE2252A1BB0D1910079F887 /* SystemConfiguration.framework in Frameworks */ = {isa = PBXBuildFile; fileRef = 8EE225291BB0D1910079F887 /* SystemConfiguration.framework */; };
		8EE2252C1BB0D19D0079F887 /* libz.dylib in Frameworks */ = {isa = PBXBuildFile; fileRef = 8EE2252B1BB0D19D0079F887 /* libz.dylib */; };
		8EE2252E1BB0D1A50079F887 /* libsqlite3.dylib in Frameworks */ = {isa = PBXBuildFile; fileRef = 8EE2252D1BB0D1A50079F887 /* libsqlite3.dylib */; };
		8EE328161B8B939E000F4500 /* AppDelegate.swift in Sources */ = {isa = PBXBuildFile; fileRef = 8EE328151B8B939E000F4500 /* AppDelegate.swift */; };
		8EE3281B1B8B939E000F4500 /* Main.storyboard in Resources */ = {isa = PBXBuildFile; fileRef = 8EE328191B8B939E000F4500 /* Main.storyboard */; };
		8EE3281D1B8B939E000F4500 /* Images.xcassets in Resources */ = {isa = PBXBuildFile; fileRef = 8EE3281C1B8B939E000F4500 /* Images.xcassets */; };
		8EE328201B8B939E000F4500 /* LaunchScreen.xib in Resources */ = {isa = PBXBuildFile; fileRef = 8EE3281E1B8B939E000F4500 /* LaunchScreen.xib */; };
		8EE3282C1B8B939F000F4500 /* SonarFirebaseTests.swift in Sources */ = {isa = PBXBuildFile; fileRef = 8EE3282B1B8B939F000F4500 /* SonarFirebaseTests.swift */; };
		8EE328361B8B9530000F4500 /* StartViewController.swift in Sources */ = {isa = PBXBuildFile; fileRef = 8EE328351B8B9530000F4500 /* StartViewController.swift */; };
		8EE328381B8B953F000F4500 /* LogInViewController.swift in Sources */ = {isa = PBXBuildFile; fileRef = 8EE328371B8B953F000F4500 /* LogInViewController.swift */; };
		8EE3283A1B8B9548000F4500 /* SignUpViewController.swift in Sources */ = {isa = PBXBuildFile; fileRef = 8EE328391B8B9548000F4500 /* SignUpViewController.swift */; };
		8EE328401B8BAB75000F4500 /* CreatePulseViewController.swift in Sources */ = {isa = PBXBuildFile; fileRef = 8EE3283F1B8BAB75000F4500 /* CreatePulseViewController.swift */; };
		8EE328431B8BD8AF000F4500 /* LogIn.storyboard in Resources */ = {isa = PBXBuildFile; fileRef = 8EE328421B8BD8AF000F4500 /* LogIn.storyboard */; };
		8EE328451B8BF047000F4500 /* AddFriendViewController.swift in Sources */ = {isa = PBXBuildFile; fileRef = 8EE328441B8BF047000F4500 /* AddFriendViewController.swift */; };
		8EE328471B8BF062000F4500 /* AddFriendTableViewCell.swift in Sources */ = {isa = PBXBuildFile; fileRef = 8EE328461B8BF062000F4500 /* AddFriendTableViewCell.swift */; };
		8EE3284B1B8E52B1000F4500 /* TargetListViewController.swift in Sources */ = {isa = PBXBuildFile; fileRef = 8EE3284A1B8E52B1000F4500 /* TargetListViewController.swift */; };
		8EE3284D1B8E52CD000F4500 /* TargetListTableViewCell.swift in Sources */ = {isa = PBXBuildFile; fileRef = 8EE3284C1B8E52CD000F4500 /* TargetListTableViewCell.swift */; };
		8EE3284F1B8EDFA0000F4500 /* PickTargetViewController.swift in Sources */ = {isa = PBXBuildFile; fileRef = 8EE3284E1B8EDFA0000F4500 /* PickTargetViewController.swift */; };
		8EE328511B8EDFB8000F4500 /* PickTargetTableViewCell.swift in Sources */ = {isa = PBXBuildFile; fileRef = 8EE328501B8EDFB8000F4500 /* PickTargetTableViewCell.swift */; };
		8EE7F6481BBCD8C2007AB71D /* VerificationViewController.swift in Sources */ = {isa = PBXBuildFile; fileRef = 8EE7F6471BBCD8C2007AB71D /* VerificationViewController.swift */; };
		8EE7F64A1BBDAA89007AB71D /* AddressBookViewController.swift in Sources */ = {isa = PBXBuildFile; fileRef = 8EE7F6491BBDAA89007AB71D /* AddressBookViewController.swift */; };
		8EE7F64C1BBDBA84007AB71D /* AddressBookTableViewCell.swift in Sources */ = {isa = PBXBuildFile; fileRef = 8EE7F64B1BBDBA84007AB71D /* AddressBookTableViewCell.swift */; };
		8EE7F64E1BBDD818007AB71D /* AddressBookPerson.swift in Sources */ = {isa = PBXBuildFile; fileRef = 8EE7F64D1BBDD818007AB71D /* AddressBookPerson.swift */; };
		8EE7F6501BBDE685007AB71D /* ProfileTableViewController.swift in Sources */ = {isa = PBXBuildFile; fileRef = 8EE7F64F1BBDE685007AB71D /* ProfileTableViewController.swift */; };
		8EE7F6521BBE0503007AB71D /* AddUsernameViewController.swift in Sources */ = {isa = PBXBuildFile; fileRef = 8EE7F6511BBE0503007AB71D /* AddUsernameViewController.swift */; };
/* End PBXBuildFile section */

/* Begin PBXContainerItemProxy section */
		8EE328261B8B939F000F4500 /* PBXContainerItemProxy */ = {
			isa = PBXContainerItemProxy;
			containerPortal = 8EE328081B8B939E000F4500 /* Project object */;
			proxyType = 1;
			remoteGlobalIDString = 8EE3280F1B8B939E000F4500;
			remoteInfo = SonarFirebase;
		};
/* End PBXContainerItemProxy section */

/* Begin PBXFileReference section */
		6B0F24539FB07EAA34BC3582 /* Pods-Sonar.debug.xcconfig */ = {isa = PBXFileReference; includeInIndex = 1; lastKnownFileType = text.xcconfig; name = "Pods-Sonar.debug.xcconfig"; path = "Pods/Target Support Files/Pods-Sonar/Pods-Sonar.debug.xcconfig"; sourceTree = "<group>"; };
		766DA61A895F6D0E1C87F361 /* Pods-Sonar.release.xcconfig */ = {isa = PBXFileReference; includeInIndex = 1; lastKnownFileType = text.xcconfig; name = "Pods-Sonar.release.xcconfig"; path = "Pods/Target Support Files/Pods-Sonar/Pods-Sonar.release.xcconfig"; sourceTree = "<group>"; };
		8E06720B1BBC9ADB00DD872F /* UsernameViewController.swift */ = {isa = PBXFileReference; fileEncoding = 4; lastKnownFileType = sourcecode.swift; path = UsernameViewController.swift; sourceTree = "<group>"; };
		8E31DEBC1BC5B33B00632FE5 /* FriendScoreTableViewCell.swift */ = {isa = PBXFileReference; fileEncoding = 4; lastKnownFileType = sourcecode.swift; path = FriendScoreTableViewCell.swift; sourceTree = "<group>"; };
		8E31DEC01BC5E5C500632FE5 /* UpdateInfoTableViewController.swift */ = {isa = PBXFileReference; fileEncoding = 4; lastKnownFileType = sourcecode.swift; path = UpdateInfoTableViewController.swift; sourceTree = "<group>"; };
		8E31DEC51BC5EAE000632FE5 /* UpdateNameViewController.swift */ = {isa = PBXFileReference; fileEncoding = 4; lastKnownFileType = sourcecode.swift; path = UpdateNameViewController.swift; sourceTree = "<group>"; };
		8E31DEC91BC5FDD300632FE5 /* UpdateUsernameViewController.swift */ = {isa = PBXFileReference; fileEncoding = 4; lastKnownFileType = sourcecode.swift; path = UpdateUsernameViewController.swift; sourceTree = "<group>"; };
		8E31DECD1BC60A0F00632FE5 /* EmailViewController.swift */ = {isa = PBXFileReference; fileEncoding = 4; lastKnownFileType = sourcecode.swift; path = EmailViewController.swift; sourceTree = "<group>"; };
		8E31DED11BC61B8C00632FE5 /* UpdatePhoneViewController.swift */ = {isa = PBXFileReference; fileEncoding = 4; lastKnownFileType = sourcecode.swift; path = UpdatePhoneViewController.swift; sourceTree = "<group>"; };
		8E31DED51BC6248600632FE5 /* ChangePasswordViewController.swift */ = {isa = PBXFileReference; fileEncoding = 4; lastKnownFileType = sourcecode.swift; path = ChangePasswordViewController.swift; sourceTree = "<group>"; };
		8E31DED91BC70F9000632FE5 /* ChatInfoViewController.swift */ = {isa = PBXFileReference; fileEncoding = 4; lastKnownFileType = sourcecode.swift; path = ChatInfoViewController.swift; sourceTree = "<group>"; };
		8E31DEDD1BC710F300632FE5 /* ChatInfoTableViewCell.swift */ = {isa = PBXFileReference; fileEncoding = 4; lastKnownFileType = sourcecode.swift; path = ChatInfoTableViewCell.swift; sourceTree = "<group>"; };
		8E3927BD1BBC5636004E1674 /* AddedMeViewController.swift */ = {isa = PBXFileReference; fileEncoding = 4; lastKnownFileType = sourcecode.swift; path = AddedMeViewController.swift; sourceTree = "<group>"; };
		8E3927BF1BBC5793004E1674 /* AddedMeTableViewCell.swift */ = {isa = PBXFileReference; fileEncoding = 4; lastKnownFileType = sourcecode.swift; path = AddedMeTableViewCell.swift; sourceTree = "<group>"; };
		8E483BC31BBCC1C300FAE0B6 /* PhoneNumberViewController.swift */ = {isa = PBXFileReference; fileEncoding = 4; lastKnownFileType = sourcecode.swift; path = PhoneNumberViewController.swift; sourceTree = "<group>"; };
		8E5226C01B965B1E002BD8FA /* Message.swift */ = {isa = PBXFileReference; fileEncoding = 4; lastKnownFileType = sourcecode.swift; path = Message.swift; sourceTree = "<group>"; };
		8E5226C21B976DC1002BD8FA /* ChatTableViewController.swift */ = {isa = PBXFileReference; fileEncoding = 4; lastKnownFileType = sourcecode.swift; path = ChatTableViewController.swift; sourceTree = "<group>"; };
		8E5226C41B976EDD002BD8FA /* ChatTableViewCell.swift */ = {isa = PBXFileReference; fileEncoding = 4; lastKnownFileType = sourcecode.swift; path = ChatTableViewCell.swift; sourceTree = "<group>"; };
		8E5226C81B9A3194002BD8FA /* ProfileViewController.swift */ = {isa = PBXFileReference; fileEncoding = 4; lastKnownFileType = sourcecode.swift; path = ProfileViewController.swift; sourceTree = "<group>"; };
		8E5226CA1B9A32EB002BD8FA /* MapKit.framework */ = {isa = PBXFileReference; lastKnownFileType = wrapper.framework; name = MapKit.framework; path = System/Library/Frameworks/MapKit.framework; sourceTree = SDKROOT; };
		8E5226CC1B9A32F2002BD8FA /* MobileCoreServices.framework */ = {isa = PBXFileReference; lastKnownFileType = wrapper.framework; name = MobileCoreServices.framework; path = System/Library/Frameworks/MobileCoreServices.framework; sourceTree = SDKROOT; };
		8E52272F1B9F925D002BD8FA /* SonarFirebase-Bridging-Header.h */ = {isa = PBXFileReference; lastKnownFileType = sourcecode.c.h; path = "SonarFirebase-Bridging-Header.h"; sourceTree = "<group>"; };
		8E5227331B9F972F002BD8FA /* PicturesViewController.swift */ = {isa = PBXFileReference; fileEncoding = 4; lastKnownFileType = sourcecode.swift; path = PicturesViewController.swift; sourceTree = "<group>"; };
		8E5227351BA0E3D0002BD8FA /* WebViewController.swift */ = {isa = PBXFileReference; fileEncoding = 4; lastKnownFileType = sourcecode.swift; path = WebViewController.swift; sourceTree = "<group>"; };
		8E9F733A1BBF07BD00D0850E /* AddUsernameTableViewCell.swift */ = {isa = PBXFileReference; fileEncoding = 4; lastKnownFileType = sourcecode.swift; path = AddUsernameTableViewCell.swift; sourceTree = "<group>"; };
		8E9F733D1BBF109B00D0850E /* Username.swift */ = {isa = PBXFileReference; fileEncoding = 4; lastKnownFileType = sourcecode.swift; path = Username.swift; sourceTree = "<group>"; };
		8E9F733F1BBF2B1B00D0850E /* SelfieViewController.swift */ = {isa = PBXFileReference; fileEncoding = 4; lastKnownFileType = sourcecode.swift; path = SelfieViewController.swift; sourceTree = "<group>"; };
		8E9F73411BBF3D0E00D0850E /* AVFoundation.framework */ = {isa = PBXFileReference; lastKnownFileType = wrapper.framework; name = AVFoundation.framework; path = System/Library/Frameworks/AVFoundation.framework; sourceTree = SDKROOT; };
		8EAC775F1B8FA07A002D2890 /* RadarViewController.swift */ = {isa = PBXFileReference; fileEncoding = 4; lastKnownFileType = sourcecode.swift; path = RadarViewController.swift; sourceTree = "<group>"; };
		8EAC77611B8FA0A3002D2890 /* RadarTableViewCell.swift */ = {isa = PBXFileReference; fileEncoding = 4; lastKnownFileType = sourcecode.swift; path = RadarTableViewCell.swift; sourceTree = "<group>"; };
		8EAC77631B963B23002D2890 /* Post.swift */ = {isa = PBXFileReference; fileEncoding = 4; lastKnownFileType = sourcecode.swift; path = Post.swift; sourceTree = "<group>"; };
		8EB2170B1BACB76F005DA377 /* MyTextView.swift */ = {isa = PBXFileReference; fileEncoding = 4; lastKnownFileType = sourcecode.swift; path = MyTextView.swift; sourceTree = "<group>"; };
		8ED286411BB52DF6006FB6C3 /* AWSCore.framework */ = {isa = PBXFileReference; lastKnownFileType = wrapper.framework; name = AWSCore.framework; path = "Pods/../build/Debug-iphoneos/AWSCore.framework"; sourceTree = "<group>"; };
		8ED286431BB52DFE006FB6C3 /* AWSS3.framework */ = {isa = PBXFileReference; lastKnownFileType = wrapper.framework; name = AWSS3.framework; path = "Pods/../build/Debug-iphoneos/AWSS3.framework"; sourceTree = "<group>"; };
		8ED286451BB52E1B006FB6C3 /* AWSS3.framework */ = {isa = PBXFileReference; lastKnownFileType = wrapper.framework; path = AWSS3.framework; sourceTree = "<group>"; };
		8ED286471BB52E2E006FB6C3 /* AWSCore.framework */ = {isa = PBXFileReference; lastKnownFileType = wrapper.framework; path = AWSCore.framework; sourceTree = "<group>"; };
		8ED286491BB53140006FB6C3 /* FirebaseUI.framework */ = {isa = PBXFileReference; lastKnownFileType = wrapper.framework; path = FirebaseUI.framework; sourceTree = "<group>"; };
		8EE225171BB0D13A0079F887 /* Bolts.framework */ = {isa = PBXFileReference; lastKnownFileType = wrapper.framework; path = Bolts.framework; sourceTree = "<group>"; };
		8EE225181BB0D13A0079F887 /* Parse.framework */ = {isa = PBXFileReference; lastKnownFileType = wrapper.framework; path = Parse.framework; sourceTree = "<group>"; };
		8EE2251B1BB0D1610079F887 /* AudioToolbox.framework */ = {isa = PBXFileReference; lastKnownFileType = wrapper.framework; name = AudioToolbox.framework; path = System/Library/Frameworks/AudioToolbox.framework; sourceTree = SDKROOT; };
		8EE2251D1BB0D1660079F887 /* CFNetwork.framework */ = {isa = PBXFileReference; lastKnownFileType = wrapper.framework; name = CFNetwork.framework; path = System/Library/Frameworks/CFNetwork.framework; sourceTree = SDKROOT; };
		8EE2251F1BB0D16D0079F887 /* CoreGraphics.framework */ = {isa = PBXFileReference; lastKnownFileType = wrapper.framework; name = CoreGraphics.framework; path = System/Library/Frameworks/CoreGraphics.framework; sourceTree = SDKROOT; };
		8EE225211BB0D1740079F887 /* CoreLocation.framework */ = {isa = PBXFileReference; lastKnownFileType = wrapper.framework; name = CoreLocation.framework; path = System/Library/Frameworks/CoreLocation.framework; sourceTree = SDKROOT; };
		8EE225231BB0D17A0079F887 /* QuartzCore.framework */ = {isa = PBXFileReference; lastKnownFileType = wrapper.framework; name = QuartzCore.framework; path = System/Library/Frameworks/QuartzCore.framework; sourceTree = SDKROOT; };
		8EE225251BB0D1800079F887 /* Security.framework */ = {isa = PBXFileReference; lastKnownFileType = wrapper.framework; name = Security.framework; path = System/Library/Frameworks/Security.framework; sourceTree = SDKROOT; };
		8EE225271BB0D1880079F887 /* StoreKit.framework */ = {isa = PBXFileReference; lastKnownFileType = wrapper.framework; name = StoreKit.framework; path = System/Library/Frameworks/StoreKit.framework; sourceTree = SDKROOT; };
		8EE225291BB0D1910079F887 /* SystemConfiguration.framework */ = {isa = PBXFileReference; lastKnownFileType = wrapper.framework; name = SystemConfiguration.framework; path = System/Library/Frameworks/SystemConfiguration.framework; sourceTree = SDKROOT; };
		8EE2252B1BB0D19D0079F887 /* libz.dylib */ = {isa = PBXFileReference; lastKnownFileType = "compiled.mach-o.dylib"; name = libz.dylib; path = usr/lib/libz.dylib; sourceTree = SDKROOT; };
		8EE2252D1BB0D1A50079F887 /* libsqlite3.dylib */ = {isa = PBXFileReference; lastKnownFileType = "compiled.mach-o.dylib"; name = libsqlite3.dylib; path = usr/lib/libsqlite3.dylib; sourceTree = SDKROOT; };
		8EE328101B8B939E000F4500 /* Sonar.app */ = {isa = PBXFileReference; explicitFileType = wrapper.application; includeInIndex = 0; path = Sonar.app; sourceTree = BUILT_PRODUCTS_DIR; };
		8EE328141B8B939E000F4500 /* Info.plist */ = {isa = PBXFileReference; lastKnownFileType = text.plist.xml; path = Info.plist; sourceTree = "<group>"; };
		8EE328151B8B939E000F4500 /* AppDelegate.swift */ = {isa = PBXFileReference; lastKnownFileType = sourcecode.swift; path = AppDelegate.swift; sourceTree = "<group>"; };
		8EE3281A1B8B939E000F4500 /* Base */ = {isa = PBXFileReference; lastKnownFileType = file.storyboard; name = Base; path = Base.lproj/Main.storyboard; sourceTree = "<group>"; };
		8EE3281C1B8B939E000F4500 /* Images.xcassets */ = {isa = PBXFileReference; lastKnownFileType = folder.assetcatalog; path = Images.xcassets; sourceTree = "<group>"; };
		8EE3281F1B8B939E000F4500 /* Base */ = {isa = PBXFileReference; lastKnownFileType = file.xib; name = Base; path = Base.lproj/LaunchScreen.xib; sourceTree = "<group>"; };
		8EE328251B8B939F000F4500 /* SonarTests.xctest */ = {isa = PBXFileReference; explicitFileType = wrapper.cfbundle; includeInIndex = 0; path = SonarTests.xctest; sourceTree = BUILT_PRODUCTS_DIR; };
		8EE3282A1B8B939F000F4500 /* Info.plist */ = {isa = PBXFileReference; lastKnownFileType = text.plist.xml; path = Info.plist; sourceTree = "<group>"; };
		8EE3282B1B8B939F000F4500 /* SonarFirebaseTests.swift */ = {isa = PBXFileReference; lastKnownFileType = sourcecode.swift; path = SonarFirebaseTests.swift; sourceTree = "<group>"; };
		8EE328351B8B9530000F4500 /* StartViewController.swift */ = {isa = PBXFileReference; fileEncoding = 4; lastKnownFileType = sourcecode.swift; path = StartViewController.swift; sourceTree = "<group>"; };
		8EE328371B8B953F000F4500 /* LogInViewController.swift */ = {isa = PBXFileReference; fileEncoding = 4; lastKnownFileType = sourcecode.swift; path = LogInViewController.swift; sourceTree = "<group>"; };
		8EE328391B8B9548000F4500 /* SignUpViewController.swift */ = {isa = PBXFileReference; fileEncoding = 4; lastKnownFileType = sourcecode.swift; path = SignUpViewController.swift; sourceTree = "<group>"; };
		8EE3283F1B8BAB75000F4500 /* CreatePulseViewController.swift */ = {isa = PBXFileReference; fileEncoding = 4; lastKnownFileType = sourcecode.swift; path = CreatePulseViewController.swift; sourceTree = "<group>"; };
		8EE328421B8BD8AF000F4500 /* LogIn.storyboard */ = {isa = PBXFileReference; fileEncoding = 4; lastKnownFileType = file.storyboard; path = LogIn.storyboard; sourceTree = "<group>"; };
		8EE328441B8BF047000F4500 /* AddFriendViewController.swift */ = {isa = PBXFileReference; fileEncoding = 4; lastKnownFileType = sourcecode.swift; path = AddFriendViewController.swift; sourceTree = "<group>"; };
		8EE328461B8BF062000F4500 /* AddFriendTableViewCell.swift */ = {isa = PBXFileReference; fileEncoding = 4; lastKnownFileType = sourcecode.swift; path = AddFriendTableViewCell.swift; sourceTree = "<group>"; };
		8EE3284A1B8E52B1000F4500 /* TargetListViewController.swift */ = {isa = PBXFileReference; fileEncoding = 4; lastKnownFileType = sourcecode.swift; path = TargetListViewController.swift; sourceTree = "<group>"; };
		8EE3284C1B8E52CD000F4500 /* TargetListTableViewCell.swift */ = {isa = PBXFileReference; fileEncoding = 4; lastKnownFileType = sourcecode.swift; path = TargetListTableViewCell.swift; sourceTree = "<group>"; };
		8EE3284E1B8EDFA0000F4500 /* PickTargetViewController.swift */ = {isa = PBXFileReference; fileEncoding = 4; lastKnownFileType = sourcecode.swift; path = PickTargetViewController.swift; sourceTree = "<group>"; };
		8EE328501B8EDFB8000F4500 /* PickTargetTableViewCell.swift */ = {isa = PBXFileReference; fileEncoding = 4; lastKnownFileType = sourcecode.swift; path = PickTargetTableViewCell.swift; sourceTree = "<group>"; };
		8EE7F6471BBCD8C2007AB71D /* VerificationViewController.swift */ = {isa = PBXFileReference; fileEncoding = 4; lastKnownFileType = sourcecode.swift; path = VerificationViewController.swift; sourceTree = "<group>"; };
		8EE7F6491BBDAA89007AB71D /* AddressBookViewController.swift */ = {isa = PBXFileReference; fileEncoding = 4; lastKnownFileType = sourcecode.swift; path = AddressBookViewController.swift; sourceTree = "<group>"; };
		8EE7F64B1BBDBA84007AB71D /* AddressBookTableViewCell.swift */ = {isa = PBXFileReference; fileEncoding = 4; lastKnownFileType = sourcecode.swift; path = AddressBookTableViewCell.swift; sourceTree = "<group>"; };
		8EE7F64D1BBDD818007AB71D /* AddressBookPerson.swift */ = {isa = PBXFileReference; fileEncoding = 4; lastKnownFileType = sourcecode.swift; path = AddressBookPerson.swift; sourceTree = "<group>"; };
		8EE7F64F1BBDE685007AB71D /* ProfileTableViewController.swift */ = {isa = PBXFileReference; fileEncoding = 4; lastKnownFileType = sourcecode.swift; path = ProfileTableViewController.swift; sourceTree = "<group>"; };
		8EE7F6511BBE0503007AB71D /* AddUsernameViewController.swift */ = {isa = PBXFileReference; fileEncoding = 4; lastKnownFileType = sourcecode.swift; path = AddUsernameViewController.swift; sourceTree = "<group>"; };
		9BE26174C57C8B782218DEEF /* Pods_Sonar.framework */ = {isa = PBXFileReference; explicitFileType = wrapper.framework; includeInIndex = 0; path = Pods_Sonar.framework; sourceTree = BUILT_PRODUCTS_DIR; };
/* End PBXFileReference section */

/* Begin PBXFrameworksBuildPhase section */
		8EE3280D1B8B939E000F4500 /* Frameworks */ = {
			isa = PBXFrameworksBuildPhase;
			buildActionMask = 2147483647;
			files = (
				8E9F73421BBF3D0E00D0850E /* AVFoundation.framework in Frameworks */,
				8EE2252E1BB0D1A50079F887 /* libsqlite3.dylib in Frameworks */,
				8ED2864A1BB53140006FB6C3 /* FirebaseUI.framework in Frameworks */,
				8EE2252C1BB0D19D0079F887 /* libz.dylib in Frameworks */,
				8ED286481BB52E2E006FB6C3 /* AWSCore.framework in Frameworks */,
				8EE2252A1BB0D1910079F887 /* SystemConfiguration.framework in Frameworks */,
				8EE225281BB0D1880079F887 /* StoreKit.framework in Frameworks */,
				8EE225261BB0D1800079F887 /* Security.framework in Frameworks */,
				8EE225241BB0D17A0079F887 /* QuartzCore.framework in Frameworks */,
				8EE225221BB0D1740079F887 /* CoreLocation.framework in Frameworks */,
				8EE225201BB0D16D0079F887 /* CoreGraphics.framework in Frameworks */,
				8EE2251E1BB0D1660079F887 /* CFNetwork.framework in Frameworks */,
				8EE2251C1BB0D1610079F887 /* AudioToolbox.framework in Frameworks */,
				8E5226CD1B9A32F2002BD8FA /* MobileCoreServices.framework in Frameworks */,
				8E5226CB1B9A32EB002BD8FA /* MapKit.framework in Frameworks */,
				8ED286461BB52E1B006FB6C3 /* AWSS3.framework in Frameworks */,
				8EE225191BB0D13A0079F887 /* Bolts.framework in Frameworks */,
				8EE2251A1BB0D13A0079F887 /* Parse.framework in Frameworks */,
				8478BD2AAC09725A494DF853 /* Pods_Sonar.framework in Frameworks */,
			);
			runOnlyForDeploymentPostprocessing = 0;
		};
		8EE328221B8B939F000F4500 /* Frameworks */ = {
			isa = PBXFrameworksBuildPhase;
			buildActionMask = 2147483647;
			files = (
			);
			runOnlyForDeploymentPostprocessing = 0;
		};
/* End PBXFrameworksBuildPhase section */

/* Begin PBXGroup section */
		08043C4344A7DBEDB0EBF4C7 /* Pods */ = {
			isa = PBXGroup;
			children = (
				6B0F24539FB07EAA34BC3582 /* Pods-Sonar.debug.xcconfig */,
				766DA61A895F6D0E1C87F361 /* Pods-Sonar.release.xcconfig */,
			);
			name = Pods;
			sourceTree = "<group>";
		};
		8E31DEC21BC5EA7D00632FE5 /* UpdateInfo */ = {
			isa = PBXGroup;
			children = (
				8E31DEC01BC5E5C500632FE5 /* UpdateInfoTableViewController.swift */,
				8E31DEC51BC5EAE000632FE5 /* UpdateNameViewController.swift */,
				8E31DEC91BC5FDD300632FE5 /* UpdateUsernameViewController.swift */,
				8E31DECD1BC60A0F00632FE5 /* EmailViewController.swift */,
				8E31DED11BC61B8C00632FE5 /* UpdatePhoneViewController.swift */,
				8E31DED51BC6248600632FE5 /* ChangePasswordViewController.swift */,
			);
			name = UpdateInfo;
			sourceTree = "<group>";
		};
		8E5227371BA101DF002BD8FA /* CreatePulse */ = {
			isa = PBXGroup;
			children = (
				8EE3283F1B8BAB75000F4500 /* CreatePulseViewController.swift */,
				8EE3284E1B8EDFA0000F4500 /* PickTargetViewController.swift */,
				8EE328501B8EDFB8000F4500 /* PickTargetTableViewCell.swift */,
			);
			name = CreatePulse;
			sourceTree = "<group>";
		};
		8E5227381BA10202002BD8FA /* Friends */ = {
			isa = PBXGroup;
			children = (
				8E3927BD1BBC5636004E1674 /* AddedMeViewController.swift */,
				8E3927BF1BBC5793004E1674 /* AddedMeTableViewCell.swift */,
				8EE3284A1B8E52B1000F4500 /* TargetListViewController.swift */,
				8EE3284C1B8E52CD000F4500 /* TargetListTableViewCell.swift */,
				8EE7F6511BBE0503007AB71D /* AddUsernameViewController.swift */,
				8E9F733A1BBF07BD00D0850E /* AddUsernameTableViewCell.swift */,
				8EE7F6491BBDAA89007AB71D /* AddressBookViewController.swift */,
				8EE7F64B1BBDBA84007AB71D /* AddressBookTableViewCell.swift */,
			);
			name = Friends;
			sourceTree = "<group>";
		};
		8E5227391BA10233002BD8FA /* Models */ = {
			isa = PBXGroup;
			children = (
				8EAC77631B963B23002D2890 /* Post.swift */,
				8EE7F64D1BBDD818007AB71D /* AddressBookPerson.swift */,
				8E5226C01B965B1E002BD8FA /* Message.swift */,
				8EB2170B1BACB76F005DA377 /* MyTextView.swift */,
				8E9F733D1BBF109B00D0850E /* Username.swift */,
			);
			name = Models;
			sourceTree = "<group>";
		};
		8E9F733C1BBF095300D0850E /* Other */ = {
			isa = PBXGroup;
			children = (
				8E5226C81B9A3194002BD8FA /* ProfileViewController.swift */,
				8E5227331B9F972F002BD8FA /* PicturesViewController.swift */,
				8EE328441B8BF047000F4500 /* AddFriendViewController.swift */,
				8EE328461B8BF062000F4500 /* AddFriendTableViewCell.swift */,
			);
			name = Other;
			sourceTree = "<group>";
		};
		8EE328071B8B939E000F4500 = {
			isa = PBXGroup;
			children = (
				8EE328121B8B939E000F4500 /* Sonar */,
				8EE328281B8B939F000F4500 /* SonarTests */,
				8EE328111B8B939E000F4500 /* Products */,
				BE90DB4082EAA178505C8105 /* Frameworks */,
				08043C4344A7DBEDB0EBF4C7 /* Pods */,
			);
			sourceTree = "<group>";
		};
		8EE328111B8B939E000F4500 /* Products */ = {
			isa = PBXGroup;
			children = (
				8EE328101B8B939E000F4500 /* Sonar.app */,
				8EE328251B8B939F000F4500 /* SonarTests.xctest */,
			);
			name = Products;
			sourceTree = "<group>";
		};
		8EE328121B8B939E000F4500 /* Sonar */ = {
			isa = PBXGroup;
			children = (
				8EE328151B8B939E000F4500 /* AppDelegate.swift */,
				8EE328411B8BAB84000F4500 /* LogIn */,
				8E5227371BA101DF002BD8FA /* CreatePulse */,
				8E5227381BA10202002BD8FA /* Friends */,
				8E31DEC21BC5EA7D00632FE5 /* UpdateInfo */,
				8E9F733C1BBF095300D0850E /* Other */,
				8EE7F64F1BBDE685007AB71D /* ProfileTableViewController.swift */,
				8EE328191B8B939E000F4500 /* Main.storyboard */,
				8E5227351BA0E3D0002BD8FA /* WebViewController.swift */,
				8EAC775F1B8FA07A002D2890 /* RadarViewController.swift */,
				8EAC77611B8FA0A3002D2890 /* RadarTableViewCell.swift */,
				8E31DEBC1BC5B33B00632FE5 /* FriendScoreTableViewCell.swift */,
				8E31DED91BC70F9000632FE5 /* ChatInfoViewController.swift */,
				8E31DEDD1BC710F300632FE5 /* ChatInfoTableViewCell.swift */,
				8E5226C21B976DC1002BD8FA /* ChatTableViewController.swift */,
				8E5226C41B976EDD002BD8FA /* ChatTableViewCell.swift */,
				8E5227391BA10233002BD8FA /* Models */,
				8EE3281C1B8B939E000F4500 /* Images.xcassets */,
				8EE3281E1B8B939E000F4500 /* LaunchScreen.xib */,
				8EE328131B8B939E000F4500 /* Supporting Files */,
				8E52272F1B9F925D002BD8FA /* SonarFirebase-Bridging-Header.h */,
			);
			name = Sonar;
			path = SonarFirebase;
			sourceTree = "<group>";
		};
		8EE328131B8B939E000F4500 /* Supporting Files */ = {
			isa = PBXGroup;
			children = (
				8EE328141B8B939E000F4500 /* Info.plist */,
			);
			name = "Supporting Files";
			sourceTree = "<group>";
		};
		8EE328281B8B939F000F4500 /* SonarTests */ = {
			isa = PBXGroup;
			children = (
				8EE3282B1B8B939F000F4500 /* SonarFirebaseTests.swift */,
				8EE328291B8B939F000F4500 /* Supporting Files */,
			);
			name = SonarTests;
			path = SonarFirebaseTests;
			sourceTree = "<group>";
		};
		8EE328291B8B939F000F4500 /* Supporting Files */ = {
			isa = PBXGroup;
			children = (
				8EE3282A1B8B939F000F4500 /* Info.plist */,
			);
			name = "Supporting Files";
			sourceTree = "<group>";
		};
		8EE328411B8BAB84000F4500 /* LogIn */ = {
			isa = PBXGroup;
			children = (
				8EE328421B8BD8AF000F4500 /* LogIn.storyboard */,
				8E9F733F1BBF2B1B00D0850E /* SelfieViewController.swift */,
				8EE7F6471BBCD8C2007AB71D /* VerificationViewController.swift */,
				8E483BC31BBCC1C300FAE0B6 /* PhoneNumberViewController.swift */,
				8EE328351B8B9530000F4500 /* StartViewController.swift */,
				8EE328371B8B953F000F4500 /* LogInViewController.swift */,
				8EE328391B8B9548000F4500 /* SignUpViewController.swift */,
				8E06720B1BBC9ADB00DD872F /* UsernameViewController.swift */,
			);
			name = LogIn;
			sourceTree = "<group>";
		};
		BE90DB4082EAA178505C8105 /* Frameworks */ = {
			isa = PBXGroup;
			children = (
				8E9F73411BBF3D0E00D0850E /* AVFoundation.framework */,
				8ED286471BB52E2E006FB6C3 /* AWSCore.framework */,
				8ED286451BB52E1B006FB6C3 /* AWSS3.framework */,
				8ED286431BB52DFE006FB6C3 /* AWSS3.framework */,
				8ED286411BB52DF6006FB6C3 /* AWSCore.framework */,
				8ED286491BB53140006FB6C3 /* FirebaseUI.framework */,
				8EE2252D1BB0D1A50079F887 /* libsqlite3.dylib */,
				8EE2252B1BB0D19D0079F887 /* libz.dylib */,
				8EE225291BB0D1910079F887 /* SystemConfiguration.framework */,
				8EE225271BB0D1880079F887 /* StoreKit.framework */,
				8EE225251BB0D1800079F887 /* Security.framework */,
				8EE225231BB0D17A0079F887 /* QuartzCore.framework */,
				8EE225211BB0D1740079F887 /* CoreLocation.framework */,
				8EE2251F1BB0D16D0079F887 /* CoreGraphics.framework */,
				8EE2251D1BB0D1660079F887 /* CFNetwork.framework */,
				8EE2251B1BB0D1610079F887 /* AudioToolbox.framework */,
				8EE225171BB0D13A0079F887 /* Bolts.framework */,
				8EE225181BB0D13A0079F887 /* Parse.framework */,
				8E5226CC1B9A32F2002BD8FA /* MobileCoreServices.framework */,
				8E5226CA1B9A32EB002BD8FA /* MapKit.framework */,
				9BE26174C57C8B782218DEEF /* Pods_Sonar.framework */,
			);
			name = Frameworks;
			sourceTree = "<group>";
		};
/* End PBXGroup section */

/* Begin PBXNativeTarget section */
		8EE3280F1B8B939E000F4500 /* Sonar */ = {
			isa = PBXNativeTarget;
			buildConfigurationList = 8EE3282F1B8B939F000F4500 /* Build configuration list for PBXNativeTarget "Sonar" */;
			buildPhases = (
				3A01F7C97E15D5140D37407E /* Check Pods Manifest.lock */,
				8EE3280C1B8B939E000F4500 /* Sources */,
				8EE3280D1B8B939E000F4500 /* Frameworks */,
				8EE3280E1B8B939E000F4500 /* Resources */,
				896E340B91157D8F79F9B58B /* Copy Pods Resources */,
				4470792BE0EA032029BAE64E /* Embed Pods Frameworks */,
			);
			buildRules = (
			);
			dependencies = (
			);
			name = Sonar;
			productName = SonarFirebase;
			productReference = 8EE328101B8B939E000F4500 /* Sonar.app */;
			productType = "com.apple.product-type.application";
		};
		8EE328241B8B939F000F4500 /* SonarTests */ = {
			isa = PBXNativeTarget;
			buildConfigurationList = 8EE328321B8B939F000F4500 /* Build configuration list for PBXNativeTarget "SonarTests" */;
			buildPhases = (
				8EE328211B8B939F000F4500 /* Sources */,
				8EE328221B8B939F000F4500 /* Frameworks */,
				8EE328231B8B939F000F4500 /* Resources */,
			);
			buildRules = (
			);
			dependencies = (
				8EE328271B8B939F000F4500 /* PBXTargetDependency */,
			);
			name = SonarTests;
			productName = SonarFirebaseTests;
			productReference = 8EE328251B8B939F000F4500 /* SonarTests.xctest */;
			productType = "com.apple.product-type.bundle.unit-test";
		};
/* End PBXNativeTarget section */

/* Begin PBXProject section */
		8EE328081B8B939E000F4500 /* Project object */ = {
			isa = PBXProject;
			attributes = {
				LastSwiftMigration = 0700;
				LastSwiftUpdateCheck = 0700;
				LastUpgradeCheck = 0700;
				ORGANIZATIONNAME = "Brian Endo";
				TargetAttributes = {
					8EE3280F1B8B939E000F4500 = {
						CreatedOnToolsVersion = 6.4;
					};
					8EE328241B8B939F000F4500 = {
						CreatedOnToolsVersion = 6.4;
						TestTargetID = 8EE3280F1B8B939E000F4500;
					};
				};
			};
			buildConfigurationList = 8EE3280B1B8B939E000F4500 /* Build configuration list for PBXProject "Sonar" */;
			compatibilityVersion = "Xcode 3.2";
			developmentRegion = English;
			hasScannedForEncodings = 0;
			knownRegions = (
				en,
				Base,
			);
			mainGroup = 8EE328071B8B939E000F4500;
			productRefGroup = 8EE328111B8B939E000F4500 /* Products */;
			projectDirPath = "";
			projectRoot = "";
			targets = (
				8EE3280F1B8B939E000F4500 /* Sonar */,
				8EE328241B8B939F000F4500 /* SonarTests */,
			);
		};
/* End PBXProject section */

/* Begin PBXResourcesBuildPhase section */
		8EE3280E1B8B939E000F4500 /* Resources */ = {
			isa = PBXResourcesBuildPhase;
			buildActionMask = 2147483647;
			files = (
				8EE328431B8BD8AF000F4500 /* LogIn.storyboard in Resources */,
				8EE3281B1B8B939E000F4500 /* Main.storyboard in Resources */,
				8EE328201B8B939E000F4500 /* LaunchScreen.xib in Resources */,
				8EE3281D1B8B939E000F4500 /* Images.xcassets in Resources */,
			);
			runOnlyForDeploymentPostprocessing = 0;
		};
		8EE328231B8B939F000F4500 /* Resources */ = {
			isa = PBXResourcesBuildPhase;
			buildActionMask = 2147483647;
			files = (
			);
			runOnlyForDeploymentPostprocessing = 0;
		};
/* End PBXResourcesBuildPhase section */

/* Begin PBXShellScriptBuildPhase section */
		3A01F7C97E15D5140D37407E /* Check Pods Manifest.lock */ = {
			isa = PBXShellScriptBuildPhase;
			buildActionMask = 2147483647;
			files = (
			);
			inputPaths = (
			);
			name = "Check Pods Manifest.lock";
			outputPaths = (
			);
			runOnlyForDeploymentPostprocessing = 0;
			shellPath = /bin/sh;
			shellScript = "diff \"${PODS_ROOT}/../Podfile.lock\" \"${PODS_ROOT}/Manifest.lock\" > /dev/null\nif [[ $? != 0 ]] ; then\n    cat << EOM\nerror: The sandbox is not in sync with the Podfile.lock. Run 'pod install' or update your CocoaPods installation.\nEOM\n    exit 1\nfi\n";
			showEnvVarsInLog = 0;
		};
		4470792BE0EA032029BAE64E /* Embed Pods Frameworks */ = {
			isa = PBXShellScriptBuildPhase;
			buildActionMask = 2147483647;
			files = (
			);
			inputPaths = (
			);
			name = "Embed Pods Frameworks";
			outputPaths = (
			);
			runOnlyForDeploymentPostprocessing = 0;
			shellPath = /bin/sh;
			shellScript = "\"${SRCROOT}/Pods/Target Support Files/Pods-Sonar/Pods-Sonar-frameworks.sh\"\n";
			showEnvVarsInLog = 0;
		};
		896E340B91157D8F79F9B58B /* Copy Pods Resources */ = {
			isa = PBXShellScriptBuildPhase;
			buildActionMask = 2147483647;
			files = (
			);
			inputPaths = (
			);
			name = "Copy Pods Resources";
			outputPaths = (
			);
			runOnlyForDeploymentPostprocessing = 0;
			shellPath = /bin/sh;
			shellScript = "\"${SRCROOT}/Pods/Target Support Files/Pods-Sonar/Pods-Sonar-resources.sh\"\n";
			showEnvVarsInLog = 0;
		};
/* End PBXShellScriptBuildPhase section */

/* Begin PBXSourcesBuildPhase section */
		8EE3280C1B8B939E000F4500 /* Sources */ = {
			isa = PBXSourcesBuildPhase;
			buildActionMask = 2147483647;
			files = (
				8E31DEC11BC5E5C500632FE5 /* UpdateInfoTableViewController.swift in Sources */,
				8EE7F6481BBCD8C2007AB71D /* VerificationViewController.swift in Sources */,
				8EE7F64C1BBDBA84007AB71D /* AddressBookTableViewCell.swift in Sources */,
				8EAC77621B8FA0A3002D2890 /* RadarTableViewCell.swift in Sources */,
				8EE328161B8B939E000F4500 /* AppDelegate.swift in Sources */,
				8E9F73401BBF2B1B00D0850E /* SelfieViewController.swift in Sources */,
				8E31DED21BC61B8C00632FE5 /* UpdatePhoneViewController.swift in Sources */,
				8E5226C11B965B1E002BD8FA /* Message.swift in Sources */,
				8E31DECA1BC5FDD300632FE5 /* UpdateUsernameViewController.swift in Sources */,
				8E9F733B1BBF07BD00D0850E /* AddUsernameTableViewCell.swift in Sources */,
				8EE328451B8BF047000F4500 /* AddFriendViewController.swift in Sources */,
				8EE7F6501BBDE685007AB71D /* ProfileTableViewController.swift in Sources */,
				8E5227361BA0E3D0002BD8FA /* WebViewController.swift in Sources */,
				8EE3284D1B8E52CD000F4500 /* TargetListTableViewCell.swift in Sources */,
				8EAC77601B8FA07A002D2890 /* RadarViewController.swift in Sources */,
				8EE3284F1B8EDFA0000F4500 /* PickTargetViewController.swift in Sources */,
				8EE328361B8B9530000F4500 /* StartViewController.swift in Sources */,
				8EE7F6521BBE0503007AB71D /* AddUsernameViewController.swift in Sources */,
				8E31DEBD1BC5B33B00632FE5 /* FriendScoreTableViewCell.swift in Sources */,
				8E31DEC61BC5EAE000632FE5 /* UpdateNameViewController.swift in Sources */,
				8E31DECE1BC60A0F00632FE5 /* EmailViewController.swift in Sources */,
				8EE328511B8EDFB8000F4500 /* PickTargetTableViewCell.swift in Sources */,
				8EB2170C1BACB76F005DA377 /* MyTextView.swift in Sources */,
				8E9F733E1BBF109B00D0850E /* Username.swift in Sources */,
				8EE7F64A1BBDAA89007AB71D /* AddressBookViewController.swift in Sources */,
				8E5226C91B9A3194002BD8FA /* ProfileViewController.swift in Sources */,
				8E31DEDA1BC70F9000632FE5 /* ChatInfoViewController.swift in Sources */,
				8E31DED61BC6248600632FE5 /* ChangePasswordViewController.swift in Sources */,
				8E31DEDE1BC710F300632FE5 /* ChatInfoTableViewCell.swift in Sources */,
				8E483BC41BBCC1C300FAE0B6 /* PhoneNumberViewController.swift in Sources */,
				8EE328471B8BF062000F4500 /* AddFriendTableViewCell.swift in Sources */,
				8E3927BE1BBC5636004E1674 /* AddedMeViewController.swift in Sources */,
				8E5226C31B976DC1002BD8FA /* ChatTableViewController.swift in Sources */,
				8EAC77641B963B23002D2890 /* Post.swift in Sources */,
				8EE3284B1B8E52B1000F4500 /* TargetListViewController.swift in Sources */,
				8E3927C01BBC5793004E1674 /* AddedMeTableViewCell.swift in Sources */,
				8EE3283A1B8B9548000F4500 /* SignUpViewController.swift in Sources */,
				8E5226C51B976EDD002BD8FA /* ChatTableViewCell.swift in Sources */,
				8E5227341B9F972F002BD8FA /* PicturesViewController.swift in Sources */,
				8EE328401B8BAB75000F4500 /* CreatePulseViewController.swift in Sources */,
				8EE7F64E1BBDD818007AB71D /* AddressBookPerson.swift in Sources */,
				8E06720C1BBC9ADB00DD872F /* UsernameViewController.swift in Sources */,
				8EE328381B8B953F000F4500 /* LogInViewController.swift in Sources */,
			);
			runOnlyForDeploymentPostprocessing = 0;
		};
		8EE328211B8B939F000F4500 /* Sources */ = {
			isa = PBXSourcesBuildPhase;
			buildActionMask = 2147483647;
			files = (
				8EE3282C1B8B939F000F4500 /* SonarFirebaseTests.swift in Sources */,
			);
			runOnlyForDeploymentPostprocessing = 0;
		};
/* End PBXSourcesBuildPhase section */

/* Begin PBXTargetDependency section */
		8EE328271B8B939F000F4500 /* PBXTargetDependency */ = {
			isa = PBXTargetDependency;
			target = 8EE3280F1B8B939E000F4500 /* Sonar */;
			targetProxy = 8EE328261B8B939F000F4500 /* PBXContainerItemProxy */;
		};
/* End PBXTargetDependency section */

/* Begin PBXVariantGroup section */
		8EE328191B8B939E000F4500 /* Main.storyboard */ = {
			isa = PBXVariantGroup;
			children = (
				8EE3281A1B8B939E000F4500 /* Base */,
			);
			name = Main.storyboard;
			sourceTree = "<group>";
		};
		8EE3281E1B8B939E000F4500 /* LaunchScreen.xib */ = {
			isa = PBXVariantGroup;
			children = (
				8EE3281F1B8B939E000F4500 /* Base */,
			);
			name = LaunchScreen.xib;
			sourceTree = "<group>";
		};
/* End PBXVariantGroup section */

/* Begin XCBuildConfiguration section */
		8EE3282D1B8B939F000F4500 /* Debug */ = {
			isa = XCBuildConfiguration;
			buildSettings = {
				ALWAYS_SEARCH_USER_PATHS = NO;
				CLANG_CXX_LANGUAGE_STANDARD = "gnu++0x";
				CLANG_CXX_LIBRARY = "libc++";
				CLANG_ENABLE_MODULES = YES;
				CLANG_ENABLE_OBJC_ARC = YES;
				CLANG_WARN_BOOL_CONVERSION = YES;
				CLANG_WARN_CONSTANT_CONVERSION = YES;
				CLANG_WARN_DIRECT_OBJC_ISA_USAGE = YES_ERROR;
				CLANG_WARN_EMPTY_BODY = YES;
				CLANG_WARN_ENUM_CONVERSION = YES;
				CLANG_WARN_INT_CONVERSION = YES;
				CLANG_WARN_OBJC_ROOT_CLASS = YES_ERROR;
				CLANG_WARN_UNREACHABLE_CODE = YES;
				CLANG_WARN__DUPLICATE_METHOD_MATCH = YES;
				"CODE_SIGN_IDENTITY[sdk=iphoneos*]" = "iPhone Developer";
				COPY_PHASE_STRIP = NO;
				DEBUG_INFORMATION_FORMAT = "dwarf-with-dsym";
				ENABLE_STRICT_OBJC_MSGSEND = YES;
				ENABLE_TESTABILITY = YES;
				GCC_C_LANGUAGE_STANDARD = gnu99;
				GCC_DYNAMIC_NO_PIC = NO;
				GCC_NO_COMMON_BLOCKS = YES;
				GCC_OPTIMIZATION_LEVEL = 0;
				GCC_PREPROCESSOR_DEFINITIONS = (
					"DEBUG=1",
					"$(inherited)",
				);
				GCC_SYMBOLS_PRIVATE_EXTERN = NO;
				GCC_WARN_64_TO_32_BIT_CONVERSION = YES;
				GCC_WARN_ABOUT_RETURN_TYPE = YES_ERROR;
				GCC_WARN_UNDECLARED_SELECTOR = YES;
				GCC_WARN_UNINITIALIZED_AUTOS = YES_AGGRESSIVE;
				GCC_WARN_UNUSED_FUNCTION = YES;
				GCC_WARN_UNUSED_VARIABLE = YES;
				IPHONEOS_DEPLOYMENT_TARGET = 8.4;
				MTL_ENABLE_DEBUG_INFO = YES;
				ONLY_ACTIVE_ARCH = YES;
				SDKROOT = iphoneos;
				SWIFT_OPTIMIZATION_LEVEL = "-Onone";
				TARGETED_DEVICE_FAMILY = "1,2";
			};
			name = Debug;
		};
		8EE3282E1B8B939F000F4500 /* Release */ = {
			isa = XCBuildConfiguration;
			buildSettings = {
				ALWAYS_SEARCH_USER_PATHS = NO;
				CLANG_CXX_LANGUAGE_STANDARD = "gnu++0x";
				CLANG_CXX_LIBRARY = "libc++";
				CLANG_ENABLE_MODULES = YES;
				CLANG_ENABLE_OBJC_ARC = YES;
				CLANG_WARN_BOOL_CONVERSION = YES;
				CLANG_WARN_CONSTANT_CONVERSION = YES;
				CLANG_WARN_DIRECT_OBJC_ISA_USAGE = YES_ERROR;
				CLANG_WARN_EMPTY_BODY = YES;
				CLANG_WARN_ENUM_CONVERSION = YES;
				CLANG_WARN_INT_CONVERSION = YES;
				CLANG_WARN_OBJC_ROOT_CLASS = YES_ERROR;
				CLANG_WARN_UNREACHABLE_CODE = YES;
				CLANG_WARN__DUPLICATE_METHOD_MATCH = YES;
				"CODE_SIGN_IDENTITY[sdk=iphoneos*]" = "iPhone Developer";
				COPY_PHASE_STRIP = NO;
				DEBUG_INFORMATION_FORMAT = "dwarf-with-dsym";
				ENABLE_NS_ASSERTIONS = NO;
				ENABLE_STRICT_OBJC_MSGSEND = YES;
				GCC_C_LANGUAGE_STANDARD = gnu99;
				GCC_NO_COMMON_BLOCKS = YES;
				GCC_WARN_64_TO_32_BIT_CONVERSION = YES;
				GCC_WARN_ABOUT_RETURN_TYPE = YES_ERROR;
				GCC_WARN_UNDECLARED_SELECTOR = YES;
				GCC_WARN_UNINITIALIZED_AUTOS = YES_AGGRESSIVE;
				GCC_WARN_UNUSED_FUNCTION = YES;
				GCC_WARN_UNUSED_VARIABLE = YES;
				IPHONEOS_DEPLOYMENT_TARGET = 8.4;
				MTL_ENABLE_DEBUG_INFO = NO;
				SDKROOT = iphoneos;
				TARGETED_DEVICE_FAMILY = "1,2";
				VALIDATE_PRODUCT = YES;
			};
			name = Release;
		};
		8EE328301B8B939F000F4500 /* Debug */ = {
			isa = XCBuildConfiguration;
			baseConfigurationReference = 6B0F24539FB07EAA34BC3582 /* Pods-Sonar.debug.xcconfig */;
			buildSettings = {
				ASSETCATALOG_COMPILER_APPICON_NAME = AppIcon;
				CLANG_ENABLE_MODULES = YES;
				FRAMEWORK_SEARCH_PATHS = (
					"$(inherited)",
					"$(PROJECT_DIR)",
					"$(PROJECT_DIR)/build/Debug-iphoneos",
				);
				INFOPLIST_FILE = SonarFirebase/Info.plist;
				IPHONEOS_DEPLOYMENT_TARGET = 8.4;
				LD_RUNPATH_SEARCH_PATHS = "$(inherited) @executable_path/Frameworks";
				PRODUCT_BUNDLE_IDENTIFIER = "com.brianendo.$(PRODUCT_NAME:rfc1034identifier)";
				PRODUCT_NAME = Sonar;
				PROVISIONING_PROFILE = "a210617d-5bfd-48ec-a8f5-0d98ad5aef40";
				SWIFT_OBJC_BRIDGING_HEADER = "SonarFirebase/SonarFirebase-Bridging-Header.h";
				SWIFT_OPTIMIZATION_LEVEL = "-Onone";
				TARGETED_DEVICE_FAMILY = 1;
			};
			name = Debug;
		};
		8EE328311B8B939F000F4500 /* Release */ = {
			isa = XCBuildConfiguration;
			baseConfigurationReference = 766DA61A895F6D0E1C87F361 /* Pods-Sonar.release.xcconfig */;
			buildSettings = {
				ASSETCATALOG_COMPILER_APPICON_NAME = AppIcon;
				CLANG_ENABLE_MODULES = YES;
				FRAMEWORK_SEARCH_PATHS = (
					"$(inherited)",
					"$(PROJECT_DIR)",
					"$(PROJECT_DIR)/build/Debug-iphoneos",
				);
				INFOPLIST_FILE = SonarFirebase/Info.plist;
				IPHONEOS_DEPLOYMENT_TARGET = 8.4;
				LD_RUNPATH_SEARCH_PATHS = "$(inherited) @executable_path/Frameworks";
				PRODUCT_BUNDLE_IDENTIFIER = "com.brianendo.$(PRODUCT_NAME:rfc1034identifier)";
				PRODUCT_NAME = Sonar;
				PROVISIONING_PROFILE = "a210617d-5bfd-48ec-a8f5-0d98ad5aef40";
				SWIFT_OBJC_BRIDGING_HEADER = "SonarFirebase/SonarFirebase-Bridging-Header.h";
				TARGETED_DEVICE_FAMILY = 1;
			};
			name = Release;
		};
		8EE328331B8B939F000F4500 /* Debug */ = {
			isa = XCBuildConfiguration;
			buildSettings = {
				BUNDLE_LOADER = "$(TEST_HOST)";
				FRAMEWORK_SEARCH_PATHS = (
					"$(SDKROOT)/Developer/Library/Frameworks",
					"$(inherited)",
				);
				GCC_PREPROCESSOR_DEFINITIONS = (
					"DEBUG=1",
					"$(inherited)",
				);
				INFOPLIST_FILE = SonarFirebaseTests/Info.plist;
				LD_RUNPATH_SEARCH_PATHS = "$(inherited) @executable_path/Frameworks @loader_path/Frameworks";
				PRODUCT_BUNDLE_IDENTIFIER = "com.brianendo.$(PRODUCT_NAME:rfc1034identifier)";
				PRODUCT_NAME = SonarTests;
				TEST_HOST = "$(BUILT_PRODUCTS_DIR)/Sonar.app/Sonar";
			};
			name = Debug;
		};
		8EE328341B8B939F000F4500 /* Release */ = {
			isa = XCBuildConfiguration;
			buildSettings = {
				BUNDLE_LOADER = "$(TEST_HOST)";
				FRAMEWORK_SEARCH_PATHS = (
					"$(SDKROOT)/Developer/Library/Frameworks",
					"$(inherited)",
				);
				INFOPLIST_FILE = SonarFirebaseTests/Info.plist;
				LD_RUNPATH_SEARCH_PATHS = "$(inherited) @executable_path/Frameworks @loader_path/Frameworks";
				PRODUCT_BUNDLE_IDENTIFIER = "com.brianendo.$(PRODUCT_NAME:rfc1034identifier)";
				PRODUCT_NAME = SonarTests;
				TEST_HOST = "$(BUILT_PRODUCTS_DIR)/Sonar.app/Sonar";
			};
			name = Release;
		};
/* End XCBuildConfiguration section */

/* Begin XCConfigurationList section */
		8EE3280B1B8B939E000F4500 /* Build configuration list for PBXProject "Sonar" */ = {
			isa = XCConfigurationList;
			buildConfigurations = (
				8EE3282D1B8B939F000F4500 /* Debug */,
				8EE3282E1B8B939F000F4500 /* Release */,
			);
			defaultConfigurationIsVisible = 0;
			defaultConfigurationName = Release;
		};
		8EE3282F1B8B939F000F4500 /* Build configuration list for PBXNativeTarget "Sonar" */ = {
			isa = XCConfigurationList;
			buildConfigurations = (
				8EE328301B8B939F000F4500 /* Debug */,
				8EE328311B8B939F000F4500 /* Release */,
			);
			defaultConfigurationIsVisible = 0;
			defaultConfigurationName = Release;
		};
		8EE328321B8B939F000F4500 /* Build configuration list for PBXNativeTarget "SonarTests" */ = {
			isa = XCConfigurationList;
			buildConfigurations = (
				8EE328331B8B939F000F4500 /* Debug */,
				8EE328341B8B939F000F4500 /* Release */,
			);
			defaultConfigurationIsVisible = 0;
			defaultConfigurationName = Release;
		};
/* End XCConfigurationList section */
	};
	rootObject = 8EE328081B8B939E000F4500 /* Project object */;
}
